
Microsoft Visual Studio Solution File, Format Version 12.00
# Visual Studio Version 17
VisualStudioVersion = 17.4.33110.190
MinimumVisualStudioVersion = 10.0.40219.1
Project("{FAE04EC0-301F-11D3-BF4B-00C04F79EFBC}") = "ReturnHTML", "ReturnHTML\ReturnHTML.csproj", "{03E1BE7E-E5F3-44F6-B4A9-C10661296EDD}"
EndProject
Global
	GlobalSection(SolutionConfigurationPlatforms) = preSolution
		Debug|Any CPU = Debug|Any CPU
		Release|Any CPU = Release|Any CPU
	EndGlobalSection
	GlobalSection(ProjectConfigurationPlatforms) = postSolution
		{03E1BE7E-E5F3-44F6-B4A9-C10661296EDD}.Debug|Any CPU.ActiveCfg = Debug|Any CPU
		{03E1BE7E-E5F3-44F6-B4A9-C10661296EDD}.Debug|Any CPU.Build.0 = Debug|Any CPU
		{03E1BE7E-E5F3-44F6-B4A9-C10661296EDD}.Release|Any CPU.ActiveCfg = Release|Any CPU
		{03E1BE7E-E5F3-44F6-B4A9-C10661296EDD}.Release|Any CPU.Build.0 = Release|Any CPU
	EndGlobalSection
	GlobalSection(SolutionProperties) = preSolution
		HideSolutionNode = FALSE
	EndGlobalSection
	GlobalSection(ExtensibilityGlobals) = postSolution
		SolutionGuid = {732BEBDB-1FFF-42CE-A4BF-670202501E32}
	EndGlobalSection
EndGlobal
